
Microsoft Visual Studio Solution File, Format Version 12.00
# Visual Studio Version 17
VisualStudioVersion = 17.3.32804.467
MinimumVisualStudioVersion = 10.0.40219.1
Project("{FAE04EC0-301F-11D3-BF4B-00C04F79EFBC}") = "HelloWorldPlatzi", "HelloWorldPlatzi\HelloWorldPlatzi.csproj", "{A700089A-F3B8-44F9-9894-45BCD75E852B}"
EndProject
Global
	GlobalSection(SolutionConfigurationPlatforms) = preSolution
		Debug|Any CPU = Debug|Any CPU
		Release|Any CPU = Release|Any CPU
	EndGlobalSection
	GlobalSection(ProjectConfigurationPlatforms) = postSolution
		{A700089A-F3B8-44F9-9894-45BCD75E852B}.Debug|Any CPU.ActiveCfg = Debug|Any CPU
		{A700089A-F3B8-44F9-9894-45BCD75E852B}.Debug|Any CPU.Build.0 = Debug|Any CPU
		{A700089A-F3B8-44F9-9894-45BCD75E852B}.Release|Any CPU.ActiveCfg = Release|Any CPU
		{A700089A-F3B8-44F9-9894-45BCD75E852B}.Release|Any CPU.Build.0 = Release|Any CPU
	EndGlobalSection
	GlobalSection(SolutionProperties) = preSolution
		HideSolutionNode = FALSE
	EndGlobalSection
	GlobalSection(ExtensibilityGlobals) = postSolution
		SolutionGuid = {BF0AA35B-01B2-44A8-ADEE-D0163B159063}
	EndGlobalSection
EndGlobal
